
Microsoft Visual Studio Solution File, Format Version 12.00
# Visual Studio Version 16
VisualStudioVersion = 16.0.31112.23
MinimumVisualStudioVersion = 10.0.40219.1
Project("{FAE04EC0-301F-11D3-BF4B-00C04F79EFBC}") = "Joc", "Joc\Joc.csproj", "{58F99848-3D7F-4F5A-8D74-1F73AFE26A05}"
EndProject
Global
	GlobalSection(SolutionConfigurationPlatforms) = preSolution
		Debug|Any CPU = Debug|Any CPU
		Release|Any CPU = Release|Any CPU
	EndGlobalSection
	GlobalSection(ProjectConfigurationPlatforms) = postSolution
		{58F99848-3D7F-4F5A-8D74-1F73AFE26A05}.Debug|Any CPU.ActiveCfg = Debug|Any CPU
		{58F99848-3D7F-4F5A-8D74-1F73AFE26A05}.Debug|Any CPU.Build.0 = Debug|Any CPU
		{58F99848-3D7F-4F5A-8D74-1F73AFE26A05}.Release|Any CPU.ActiveCfg = Release|Any CPU
		{58F99848-3D7F-4F5A-8D74-1F73AFE26A05}.Release|Any CPU.Build.0 = Release|Any CPU
	EndGlobalSection
	GlobalSection(SolutionProperties) = preSolution
		HideSolutionNode = FALSE
	EndGlobalSection
	GlobalSection(ExtensibilityGlobals) = postSolution
		SolutionGuid = {F8E60CAD-3A47-472C-8EE8-A16C0C3C5598}
	EndGlobalSection
EndGlobal
